
Microsoft Visual Studio Solution File, Format Version 12.00
# Visual Studio Version 17
VisualStudioVersion = 17.7.34031.279
MinimumVisualStudioVersion = 10.0.40219.1
Project("{FAE04EC0-301F-11D3-BF4B-00C04F79EFBC}") = "AcademiaStudPractics", "AcademiaStudPractics\AcademiaStudPractics.csproj", "{66703F56-DA09-4F96-9539-6A499A3802EE}"
EndProject
Global
	GlobalSection(SolutionConfigurationPlatforms) = preSolution
		Debug|Any CPU = Debug|Any CPU
		Release|Any CPU = Release|Any CPU
	EndGlobalSection
	GlobalSection(ProjectConfigurationPlatforms) = postSolution
		{66703F56-DA09-4F96-9539-6A499A3802EE}.Debug|Any CPU.ActiveCfg = Debug|Any CPU
		{66703F56-DA09-4F96-9539-6A499A3802EE}.Debug|Any CPU.Build.0 = Debug|Any CPU
		{66703F56-DA09-4F96-9539-6A499A3802EE}.Release|Any CPU.ActiveCfg = Release|Any CPU
		{66703F56-DA09-4F96-9539-6A499A3802EE}.Release|Any CPU.Build.0 = Release|Any CPU
	EndGlobalSection
	GlobalSection(SolutionProperties) = preSolution
		HideSolutionNode = FALSE
	EndGlobalSection
	GlobalSection(ExtensibilityGlobals) = postSolution
		SolutionGuid = {F1F1CAD1-9E92-4ECC-B78C-7BBA2D904A7D}
	EndGlobalSection
EndGlobal
